github.com/google/uuid v1.3.0 h1:t6JiXgmwXMjEs8VusXIJk2BXHsn+wx8BZdTaoZ5fu7I=
github.com/google/uuid v1.3.0/go.mod h1:TIyPZe4MgqvfeYDBFedMoGGpEw/LqOeaOT+nhxU+yHo=
github.com/nirasan/go-oauth-pkce-code-verifier v0.0.0-20220510032225-4f9f17eaec4c h1:4RYnE0ISVwRxm9Dfo7utw1dh0kdRDEmVYq2MFVLy5zI=
github.com/nirasan/go-oauth-pkce-code-verifier v0.0.0-20220510032225-4f9f17eaec4c/go.mod h1:DvuJJ/w1Y59rG8UTDxsMk5U+UJXJwuvUgbiJSm9yhX8=
